
Microsoft Visual Studio Solution File, Format Version 12.00
# Visual Studio Version 17
VisualStudioVersion = 17.8.34330.188
MinimumVisualStudioVersion = 10.0.40219.1
Project("{9A19103F-16F7-4668-BE54-9A1E7A4F7556}") = "EF_Task_2", "EF_Task_2.csproj", "{15FBF46B-C07C-4065-87B2-0A15C87A6965}"
EndProject
Global
	GlobalSection(SolutionConfigurationPlatforms) = preSolution
		Debug|Any CPU = Debug|Any CPU
		Release|Any CPU = Release|Any CPU
	EndGlobalSection
	GlobalSection(ProjectConfigurationPlatforms) = postSolution
		{15FBF46B-C07C-4065-87B2-0A15C87A6965}.Debug|Any CPU.ActiveCfg = Debug|Any CPU
		{15FBF46B-C07C-4065-87B2-0A15C87A6965}.Debug|Any CPU.Build.0 = Debug|Any CPU
		{15FBF46B-C07C-4065-87B2-0A15C87A6965}.Release|Any CPU.ActiveCfg = Release|Any CPU
		{15FBF46B-C07C-4065-87B2-0A15C87A6965}.Release|Any CPU.Build.0 = Release|Any CPU
	EndGlobalSection
	GlobalSection(SolutionProperties) = preSolution
		HideSolutionNode = FALSE
	EndGlobalSection
	GlobalSection(ExtensibilityGlobals) = postSolution
		SolutionGuid = {C20192EE-9905-4C41-BFC4-1ED085E6DEB6}
	EndGlobalSection
EndGlobal
